# Run ./gradlew --write-locks to regenerate this file
com.fasterxml.jackson:jackson-bom:2.16.0 (3 constraints: 82376ad4)
com.fasterxml.jackson.core:jackson-annotations:2.16.0 (3 constraints: 7b264ec5)
com.fasterxml.jackson.core:jackson-core:2.16.0 (3 constraints: 7b264ec5)
com.fasterxml.jackson.core:jackson-databind:2.16.0 (2 constraints: f313ba82)
com.google.code.findbugs:jsr305:3.0.2 (2 constraints: 5117f460)
com.google.dagger:dagger:2.48.1 (1 constraints: 4105543b)
com.google.errorprone:error_prone_annotations:2.23.0 (3 constraints: eb1c863d)
com.google.guava:failureaccess:1.0.1 (1 constraints: 140ae1b4)
com.google.guava:guava:32.1.3-jre (2 constraints: 85155be1)
com.google.guava:listenablefuture:9999.0-empty-to-avoid-conflict-with-guava (1 constraints: bd17c918)
com.squareup.okhttp3:okhttp:4.12.0 (2 constraints: 9e14929d)
com.squareup.okio:okio:3.6.0 (1 constraints: 530c38fd)
com.squareup.okio:okio-jvm:3.6.0 (2 constraints: 5a0f248c)
io.undertow:undertow-core:2.3.10.Final (1 constraints: 50071561)
javax.inject:javax.inject:1 (2 constraints: 490ee940)
org.bouncycastle:bcpkix-jdk18on:1.77 (1 constraints: e3040431)
org.bouncycastle:bcprov-jdk18on:1.77 (3 constraints: a71f800a)
org.bouncycastle:bcutil-jdk18on:1.77 (1 constraints: 620d2d29)
org.checkerframework:checker-qual:3.37.0 (2 constraints: c117ba8b)
org.immutables:value-annotations:2.10.0 (1 constraints: 35052f3b)
org.jboss.logging:jboss-logging:3.4.3.Final (3 constraints: f2300ed8)
org.jboss.threads:jboss-threads:3.5.0.Final (2 constraints: 5a1a5743)
org.jboss.xnio:xnio-api:3.8.12.Final (3 constraints: fb215305)
org.jboss.xnio:xnio-nio:3.8.12.Final (1 constraints: c90dd230)
org.jetbrains:annotations:13.0 (1 constraints: df0e795c)
org.jetbrains.kotlin:kotlin-stdlib:1.9.10 (2 constraints: c2210fe1)
org.jetbrains.kotlin:kotlin-stdlib-common:1.9.10 (2 constraints: 3f1b4b83)
org.jetbrains.kotlin:kotlin-stdlib-jdk7:1.9.10 (1 constraints: e210ffd2)
org.jetbrains.kotlin:kotlin-stdlib-jdk8:1.9.10 (3 constraints: eb27efa7)
org.wildfly.client:wildfly-client-config:1.0.1.Final (1 constraints: 940c6308)
org.wildfly.common:wildfly-common:1.5.4.Final (2 constraints: 741cfbf1)

[Test dependencies]
com.google.guava:guava-testlib:32.1.3-jre (1 constraints: a9066a53)
com.google.j2objc:j2objc-annotations:2.8 (1 constraints: e20c5108)
com.squareup.okhttp3:mockwebserver:4.12.0 (1 constraints: 3905413b)
junit:junit:4.13.2 (2 constraints: d81ce7fb)
net.bytebuddy:byte-buddy:1.14.9 (2 constraints: c516ab4f)
net.bytebuddy:byte-buddy-agent:1.14.9 (1 constraints: 490b47de)
org.assertj:assertj-core:3.24.2 (1 constraints: 3d05473b)
org.hamcrest:hamcrest-core:1.3 (1 constraints: cc05fe3f)
org.junit:junit-bom:5.10.1 (4 constraints: 2b447c82)
org.junit.jupiter:junit-jupiter-api:5.10.1 (3 constraints: 4c1f79ec)
org.junit.jupiter:junit-jupiter-engine:5.10.1 (2 constraints: 760e5f71)
org.junit.platform:junit-platform-commons:1.10.1 (3 constraints: 662a4e8e)
org.junit.platform:junit-platform-engine:1.10.1 (2 constraints: 0c1a601e)
org.mockito:mockito-core:5.7.0 (1 constraints: 0e051936)
org.objenesis:objenesis:3.3 (1 constraints: b20a14bd)
org.opentest4j:opentest4j:1.3.0 (2 constraints: cf209249)
